// !$*UTF8*$!
{
	archiveVersion = 1;
	classes = {
	};
	objectVersion = 48;
	objects = {

/* Begin PBXBuildFile section */
		181F52E41FBCB848006CFFFB /* TweetCell.swift in Sources */ = {isa = PBXBuildFile; fileRef = 181F52E31FBCB848006CFFFB /* TweetCell.swift */; };
		181F52E61FBCC362006CFFFB /* Tweet.swift in Sources */ = {isa = PBXBuildFile; fileRef = 181F52E51FBCC362006CFFFB /* Tweet.swift */; };
		18E900A81FBE36A50036F5D3 /* LoginRegisterController.swift in Sources */ = {isa = PBXBuildFile; fileRef = 18E900A71FBE36A50036F5D3 /* LoginRegisterController.swift */; };
		18E900E41FBEDF940036F5D3 /* LoginController.swift in Sources */ = {isa = PBXBuildFile; fileRef = 18E900E31FBEDF940036F5D3 /* LoginController.swift */; };
		18E900E71FBEE17E0036F5D3 /* CKLRViewController.swift in Sources */ = {isa = PBXBuildFile; fileRef = 18E900E61FBEE17E0036F5D3 /* CKLRViewController.swift */; };
		18E900E91FBEE1CB0036F5D3 /* RegisterController.swift in Sources */ = {isa = PBXBuildFile; fileRef = 18E900E81FBEE1CB0036F5D3 /* RegisterController.swift */; };
		18E900EC1FBEEB1E0036F5D3 /* CKLRViewControllerAble.swift in Sources */ = {isa = PBXBuildFile; fileRef = 18E900EB1FBEEB1E0036F5D3 /* CKLRViewControllerAble.swift */; };
		84F4C01B3AE74D6C740CA42E /* Pods_Chatter.framework in Frameworks */ = {isa = PBXBuildFile; fileRef = 1AFAECA7A8DCBF7D23839CB8 /* Pods_Chatter.framework */; };
		BB5401BA1FB6339300810FA2 /* User.swift in Sources */ = {isa = PBXBuildFile; fileRef = BB5401B91FB6339300810FA2 /* User.swift */; };
		BB7F22501FB455BF00EC5DDB /* AppDelegate.swift in Sources */ = {isa = PBXBuildFile; fileRef = BB7F224F1FB455BF00EC5DDB /* AppDelegate.swift */; };
		BB7F22571FB455BF00EC5DDB /* Assets.xcassets in Resources */ = {isa = PBXBuildFile; fileRef = BB7F22561FB455BF00EC5DDB /* Assets.xcassets */; };
		BB7F225A1FB455BF00EC5DDB /* LaunchScreen.storyboard in Resources */ = {isa = PBXBuildFile; fileRef = BB7F22581FB455BF00EC5DDB /* LaunchScreen.storyboard */; };
		BB7F226B1FB4711B00EC5DDB /* HomeDatasourceVController.swift in Sources */ = {isa = PBXBuildFile; fileRef = BB7F226A1FB4711B00EC5DDB /* HomeDatasourceVController.swift */; };
		BB7F226D1FB4717B00EC5DDB /* HeaderCell.swift in Sources */ = {isa = PBXBuildFile; fileRef = BB7F226C1FB4717B00EC5DDB /* HeaderCell.swift */; };
		BB7F226F1FB4718C00EC5DDB /* FooterCell.swift in Sources */ = {isa = PBXBuildFile; fileRef = BB7F226E1FB4718C00EC5DDB /* FooterCell.swift */; };
		BB7F22711FB471B800EC5DDB /* UserCell.swift in Sources */ = {isa = PBXBuildFile; fileRef = BB7F22701FB471B800EC5DDB /* UserCell.swift */; };
		BB7F22731FB4721400EC5DDB /* HomeDataSource.swift in Sources */ = {isa = PBXBuildFile; fileRef = BB7F22721FB4721400EC5DDB /* HomeDataSource.swift */; };
		BB7F22751FB4B5E300EC5DDB /* Theme.swift in Sources */ = {isa = PBXBuildFile; fileRef = BB7F22741FB4B5E300EC5DDB /* Theme.swift */; };
/* End PBXBuildFile section */

/* Begin PBXFileReference section */
		181F52E31FBCB848006CFFFB /* TweetCell.swift */ = {isa = PBXFileReference; lastKnownFileType = sourcecode.swift; path = TweetCell.swift; sourceTree = "<group>"; };
		181F52E51FBCC362006CFFFB /* Tweet.swift */ = {isa = PBXFileReference; lastKnownFileType = sourcecode.swift; path = Tweet.swift; sourceTree = "<group>"; };
		18E900A71FBE36A50036F5D3 /* LoginRegisterController.swift */ = {isa = PBXFileReference; lastKnownFileType = sourcecode.swift; path = LoginRegisterController.swift; sourceTree = "<group>"; };
		18E900E31FBEDF940036F5D3 /* LoginController.swift */ = {isa = PBXFileReference; lastKnownFileType = sourcecode.swift; path = LoginController.swift; sourceTree = "<group>"; };
		18E900E61FBEE17E0036F5D3 /* CKLRViewController.swift */ = {isa = PBXFileReference; lastKnownFileType = sourcecode.swift; path = CKLRViewController.swift; sourceTree = "<group>"; };
		18E900E81FBEE1CB0036F5D3 /* RegisterController.swift */ = {isa = PBXFileReference; lastKnownFileType = sourcecode.swift; path = RegisterController.swift; sourceTree = "<group>"; };
		18E900EB1FBEEB1E0036F5D3 /* CKLRViewControllerAble.swift */ = {isa = PBXFileReference; lastKnownFileType = sourcecode.swift; path = CKLRViewControllerAble.swift; sourceTree = "<group>"; };
		1AFAECA7A8DCBF7D23839CB8 /* Pods_Chatter.framework */ = {isa = PBXFileReference; explicitFileType = wrapper.framework; includeInIndex = 0; path = Pods_Chatter.framework; sourceTree = BUILT_PRODUCTS_DIR; };
		64992CB771D872A2004A3E34 /* Pods-Chatter.debug.xcconfig */ = {isa = PBXFileReference; includeInIndex = 1; lastKnownFileType = text.xcconfig; name = "Pods-Chatter.debug.xcconfig"; path = "Pods/Target Support Files/Pods-Chatter/Pods-Chatter.debug.xcconfig"; sourceTree = "<group>"; };
		BB5401B91FB6339300810FA2 /* User.swift */ = {isa = PBXFileReference; lastKnownFileType = sourcecode.swift; path = User.swift; sourceTree = "<group>"; };
		BB7F224C1FB455BF00EC5DDB /* Chatter.app */ = {isa = PBXFileReference; explicitFileType = wrapper.application; includeInIndex = 0; path = Chatter.app; sourceTree = BUILT_PRODUCTS_DIR; };
		BB7F224F1FB455BF00EC5DDB /* AppDelegate.swift */ = {isa = PBXFileReference; lastKnownFileType = sourcecode.swift; path = AppDelegate.swift; sourceTree = "<group>"; };
		BB7F22561FB455BF00EC5DDB /* Assets.xcassets */ = {isa = PBXFileReference; lastKnownFileType = folder.assetcatalog; path = Assets.xcassets; sourceTree = "<group>"; };
		BB7F22591FB455BF00EC5DDB /* Base */ = {isa = PBXFileReference; lastKnownFileType = file.storyboard; name = Base; path = Base.lproj/LaunchScreen.storyboard; sourceTree = "<group>"; };
		BB7F225B1FB455BF00EC5DDB /* Info.plist */ = {isa = PBXFileReference; lastKnownFileType = text.plist.xml; path = Info.plist; sourceTree = "<group>"; };
		BB7F226A1FB4711B00EC5DDB /* HomeDatasourceVController.swift */ = {isa = PBXFileReference; lastKnownFileType = sourcecode.swift; path = HomeDatasourceVController.swift; sourceTree = "<group>"; };
		BB7F226C1FB4717B00EC5DDB /* HeaderCell.swift */ = {isa = PBXFileReference; lastKnownFileType = sourcecode.swift; path = HeaderCell.swift; sourceTree = "<group>"; };
		BB7F226E1FB4718C00EC5DDB /* FooterCell.swift */ = {isa = PBXFileReference; lastKnownFileType = sourcecode.swift; path = FooterCell.swift; sourceTree = "<group>"; };
		BB7F22701FB471B800EC5DDB /* UserCell.swift */ = {isa = PBXFileReference; lastKnownFileType = sourcecode.swift; path = UserCell.swift; sourceTree = "<group>"; };
		BB7F22721FB4721400EC5DDB /* HomeDataSource.swift */ = {isa = PBXFileReference; lastKnownFileType = sourcecode.swift; path = HomeDataSource.swift; sourceTree = "<group>"; };
		BB7F22741FB4B5E300EC5DDB /* Theme.swift */ = {isa = PBXFileReference; lastKnownFileType = sourcecode.swift; path = Theme.swift; sourceTree = "<group>"; };
		D4C48EB26F593228AA99756D /* Pods-Chatter.release.xcconfig */ = {isa = PBXFileReference; includeInIndex = 1; lastKnownFileType = text.xcconfig; name = "Pods-Chatter.release.xcconfig"; path = "Pods/Target Support Files/Pods-Chatter/Pods-Chatter.release.xcconfig"; sourceTree = "<group>"; };
/* End PBXFileReference section */

/* Begin PBXFrameworksBuildPhase section */
		BB7F22491FB455BF00EC5DDB /* Frameworks */ = {
			isa = PBXFrameworksBuildPhase;
			buildActionMask = 2147483647;
			files = (
				84F4C01B3AE74D6C740CA42E /* Pods_Chatter.framework in Frameworks */,
			);
			runOnlyForDeploymentPostprocessing = 0;
		};
/* End PBXFrameworksBuildPhase section */

/* Begin PBXGroup section */
		18E900E51FBEE1290036F5D3 /* CKLoginRegister  */ = {
			isa = PBXGroup;
			children = (
				18E900E61FBEE17E0036F5D3 /* CKLRViewController.swift */,
				18E900E31FBEDF940036F5D3 /* LoginController.swift */,
				18E900E81FBEE1CB0036F5D3 /* RegisterController.swift */,
			);
			path = "CKLoginRegister ";
			sourceTree = "<group>";
		};
		18E900EA1FBEEB0D0036F5D3 /* Protocols */ = {
			isa = PBXGroup;
			children = (
				18E900EB1FBEEB1E0036F5D3 /* CKLRViewControllerAble.swift */,
			);
			path = Protocols;
			sourceTree = "<group>";
		};
		3AB7D66044F2EB33FD137583 /* Pods */ = {
			isa = PBXGroup;
			children = (
				64992CB771D872A2004A3E34 /* Pods-Chatter.debug.xcconfig */,
				D4C48EB26F593228AA99756D /* Pods-Chatter.release.xcconfig */,
			);
			name = Pods;
			sourceTree = "<group>";
		};
		4C5BDD15EF02A76A2AE8D698 /* Frameworks */ = {
			isa = PBXGroup;
			children = (
				1AFAECA7A8DCBF7D23839CB8 /* Pods_Chatter.framework */,
			);
			name = Frameworks;
			sourceTree = "<group>";
		};
		BB7F22431FB455BF00EC5DDB = {
			isa = PBXGroup;
			children = (
				BB7F224E1FB455BF00EC5DDB /* Chatter */,
				BB7F224D1FB455BF00EC5DDB /* Products */,
				3AB7D66044F2EB33FD137583 /* Pods */,
				4C5BDD15EF02A76A2AE8D698 /* Frameworks */,
			);
			sourceTree = "<group>";
		};
		BB7F224D1FB455BF00EC5DDB /* Products */ = {
			isa = PBXGroup;
			children = (
				BB7F224C1FB455BF00EC5DDB /* Chatter.app */,
			);
			name = Products;
			sourceTree = "<group>";
		};
		BB7F224E1FB455BF00EC5DDB /* Chatter */ = {
			isa = PBXGroup;
			children = (
				18E900EA1FBEEB0D0036F5D3 /* Protocols */,
				BB7F22631FB45CDF00EC5DDB /* Views */,
				BB7F22671FB46E5A00EC5DDB /* Model */,
				BB7F22661FB46DF800EC5DDB /* Controller */,
				BB7F224F1FB455BF00EC5DDB /* AppDelegate.swift */,
				BB7F22561FB455BF00EC5DDB /* Assets.xcassets */,
				BB7F22581FB455BF00EC5DDB /* LaunchScreen.storyboard */,
				BB7F225B1FB455BF00EC5DDB /* Info.plist */,
				BB7F22741FB4B5E300EC5DDB /* Theme.swift */,
			);
			path = Chatter;
			sourceTree = "<group>";
		};
		BB7F22631FB45CDF00EC5DDB /* Views */ = {
			isa = PBXGroup;
			children = (
				BB7F226C1FB4717B00EC5DDB /* HeaderCell.swift */,
				BB7F226E1FB4718C00EC5DDB /* FooterCell.swift */,
				BB7F22701FB471B800EC5DDB /* UserCell.swift */,
				181F52E31FBCB848006CFFFB /* TweetCell.swift */,
			);
			path = Views;
			sourceTree = "<group>";
		};
		BB7F22661FB46DF800EC5DDB /* Controller */ = {
			isa = PBXGroup;
			children = (
				18E900E51FBEE1290036F5D3 /* CKLoginRegister  */,
				BB7F226A1FB4711B00EC5DDB /* HomeDatasourceVController.swift */,
				18E900A71FBE36A50036F5D3 /* LoginRegisterController.swift */,
			);
			path = Controller;
			sourceTree = "<group>";
		};
		BB7F22671FB46E5A00EC5DDB /* Model */ = {
			isa = PBXGroup;
			children = (
				BB7F22721FB4721400EC5DDB /* HomeDataSource.swift */,
				BB5401B91FB6339300810FA2 /* User.swift */,
				181F52E51FBCC362006CFFFB /* Tweet.swift */,
			);
			path = Model;
			sourceTree = "<group>";
		};
/* End PBXGroup section */

/* Begin PBXNativeTarget section */
		BB7F224B1FB455BF00EC5DDB /* Chatter */ = {
			isa = PBXNativeTarget;
			buildConfigurationList = BB7F225E1FB455C000EC5DDB /* Build configuration list for PBXNativeTarget "Chatter" */;
			buildPhases = (
				6A9D8FB55A2C16CB3822FC5A /* [CP] Check Pods Manifest.lock */,
				BB7F22481FB455BF00EC5DDB /* Sources */,
				BB7F22491FB455BF00EC5DDB /* Frameworks */,
				BB7F224A1FB455BF00EC5DDB /* Resources */,
				E5C1FB7E78234EFA1EC2D375 /* [CP] Embed Pods Frameworks */,
				26F0110A2687F1A0F08CE6B0 /* [CP] Copy Pods Resources */,
			);
			buildRules = (
			);
			dependencies = (
			);
			name = Chatter;
			productName = Chatter;
			productReference = BB7F224C1FB455BF00EC5DDB /* Chatter.app */;
			productType = "com.apple.product-type.application";
		};
/* End PBXNativeTarget section */

/* Begin PBXProject section */
		BB7F22441FB455BF00EC5DDB /* Project object */ = {
			isa = PBXProject;
			attributes = {
				LastSwiftUpdateCheck = 0910;
				LastUpgradeCheck = 0910;
				ORGANIZATIONNAME = Neptune;
				TargetAttributes = {
					BB7F224B1FB455BF00EC5DDB = {
						CreatedOnToolsVersion = 9.1;
						ProvisioningStyle = Automatic;
					};
				};
			};
			buildConfigurationList = BB7F22471FB455BF00EC5DDB /* Build configuration list for PBXProject "Chatter" */;
			compatibilityVersion = "Xcode 8.0";
			developmentRegion = en;
			hasScannedForEncodings = 0;
			knownRegions = (
				en,
				Base,
			);
			mainGroup = BB7F22431FB455BF00EC5DDB;
			productRefGroup = BB7F224D1FB455BF00EC5DDB /* Products */;
			projectDirPath = "";
			projectRoot = "";
			targets = (
				BB7F224B1FB455BF00EC5DDB /* Chatter */,
			);
		};
/* End PBXProject section */

/* Begin PBXResourcesBuildPhase section */
		BB7F224A1FB455BF00EC5DDB /* Resources */ = {
			isa = PBXResourcesBuildPhase;
			buildActionMask = 2147483647;
			files = (
				BB7F225A1FB455BF00EC5DDB /* LaunchScreen.storyboard in Resources */,
				BB7F22571FB455BF00EC5DDB /* Assets.xcassets in Resources */,
			);
			runOnlyForDeploymentPostprocessing = 0;
		};
/* End PBXResourcesBuildPhase section */

/* Begin PBXShellScriptBuildPhase section */
		26F0110A2687F1A0F08CE6B0 /* [CP] Copy Pods Resources */ = {
			isa = PBXShellScriptBuildPhase;
			buildActionMask = 2147483647;
			files = (
			);
			inputPaths = (
			);
			name = "[CP] Copy Pods Resources";
			outputPaths = (
			);
			runOnlyForDeploymentPostprocessing = 0;
			shellPath = /bin/sh;
			shellScript = "\"${SRCROOT}/Pods/Target Support Files/Pods-Chatter/Pods-Chatter-resources.sh\"\n";
			showEnvVarsInLog = 0;
		};
		6A9D8FB55A2C16CB3822FC5A /* [CP] Check Pods Manifest.lock */ = {
			isa = PBXShellScriptBuildPhase;
			buildActionMask = 2147483647;
			files = (
			);
			inputPaths = (
				"${PODS_PODFILE_DIR_PATH}/Podfile.lock",
				"${PODS_ROOT}/Manifest.lock",
			);
			name = "[CP] Check Pods Manifest.lock";
			outputPaths = (
				"$(DERIVED_FILE_DIR)/Pods-Chatter-checkManifestLockResult.txt",
			);
			runOnlyForDeploymentPostprocessing = 0;
			shellPath = /bin/sh;
			shellScript = "diff \"${PODS_PODFILE_DIR_PATH}/Podfile.lock\" \"${PODS_ROOT}/Manifest.lock\" > /dev/null\nif [ $? != 0 ] ; then\n    # print error to STDERR\n    echo \"error: The sandbox is not in sync with the Podfile.lock. Run 'pod install' or update your CocoaPods installation.\" >&2\n    exit 1\nfi\n# This output is used by Xcode 'outputs' to avoid re-running this script phase.\necho \"SUCCESS\" > \"${SCRIPT_OUTPUT_FILE_0}\"\n";
			showEnvVarsInLog = 0;
		};
		E5C1FB7E78234EFA1EC2D375 /* [CP] Embed Pods Frameworks */ = {
			isa = PBXShellScriptBuildPhase;
			buildActionMask = 2147483647;
			files = (
			);
			inputPaths = (
				"${SRCROOT}/Pods/Target Support Files/Pods-Chatter/Pods-Chatter-frameworks.sh",
				"${BUILT_PRODUCTS_DIR}/Alamofire/Alamofire.framework",
				"${BUILT_PRODUCTS_DIR}/ChameleonFramework/ChameleonFramework.framework",
				"${BUILT_PRODUCTS_DIR}/Hero/Hero.framework",
				"${BUILT_PRODUCTS_DIR}/LBTAComponents/LBTAComponents.framework",
				"${BUILT_PRODUCTS_DIR}/Material/Material.framework",
				"${BUILT_PRODUCTS_DIR}/Motion/Motion.framework",
				"${BUILT_PRODUCTS_DIR}/Pastel/Pastel.framework",
				"${BUILT_PRODUCTS_DIR}/SnapKit/SnapKit.framework",
				"${BUILT_PRODUCTS_DIR}/SwiftyJSON/SwiftyJSON.framework",
				"${BUILT_PRODUCTS_DIR}/TRON/TRON.framework",
			);
			name = "[CP] Embed Pods Frameworks";
			outputPaths = (
				"${TARGET_BUILD_DIR}/${FRAMEWORKS_FOLDER_PATH}/Alamofire.framework",
				"${TARGET_BUILD_DIR}/${FRAMEWORKS_FOLDER_PATH}/ChameleonFramework.framework",
				"${TARGET_BUILD_DIR}/${FRAMEWORKS_FOLDER_PATH}/Hero.framework",
				"${TARGET_BUILD_DIR}/${FRAMEWORKS_FOLDER_PATH}/LBTAComponents.framework",
				"${TARGET_BUILD_DIR}/${FRAMEWORKS_FOLDER_PATH}/Material.framework",
				"${TARGET_BUILD_DIR}/${FRAMEWORKS_FOLDER_PATH}/Motion.framework",
				"${TARGET_BUILD_DIR}/${FRAMEWORKS_FOLDER_PATH}/Pastel.framework",
				"${TARGET_BUILD_DIR}/${FRAMEWORKS_FOLDER_PATH}/SnapKit.framework",
				"${TARGET_BUILD_DIR}/${FRAMEWORKS_FOLDER_PATH}/SwiftyJSON.framework",
				"${TARGET_BUILD_DIR}/${FRAMEWORKS_FOLDER_PATH}/TRON.framework",
			);
			runOnlyForDeploymentPostprocessing = 0;
			shellPath = /bin/sh;
			shellScript = "\"${SRCROOT}/Pods/Target Support Files/Pods-Chatter/Pods-Chatter-frameworks.sh\"\n";
			showEnvVarsInLog = 0;
		};
/* End PBXShellScriptBuildPhase section */

/* Begin PBXSourcesBuildPhase section */
		BB7F22481FB455BF00EC5DDB /* Sources */ = {
			isa = PBXSourcesBuildPhase;
			buildActionMask = 2147483647;
			files = (
				BB7F22731FB4721400EC5DDB /* HomeDataSource.swift in Sources */,
				18E900E41FBEDF940036F5D3 /* LoginController.swift in Sources */,
				18E900E71FBEE17E0036F5D3 /* CKLRViewController.swift in Sources */,
				181F52E61FBCC362006CFFFB /* Tweet.swift in Sources */,
				18E900E91FBEE1CB0036F5D3 /* RegisterController.swift in Sources */,
				BB7F226D1FB4717B00EC5DDB /* HeaderCell.swift in Sources */,
				BB7F226B1FB4711B00EC5DDB /* HomeDatasourceVController.swift in Sources */,
				181F52E41FBCB848006CFFFB /* TweetCell.swift in Sources */,
				BB7F22711FB471B800EC5DDB /* UserCell.swift in Sources */,
				18E900A81FBE36A50036F5D3 /* LoginRegisterController.swift in Sources */,
				18E900EC1FBEEB1E0036F5D3 /* CKLRViewControllerAble.swift in Sources */,
				BB5401BA1FB6339300810FA2 /* User.swift in Sources */,
				BB7F226F1FB4718C00EC5DDB /* FooterCell.swift in Sources */,
				BB7F22501FB455BF00EC5DDB /* AppDelegate.swift in Sources */,
				BB7F22751FB4B5E300EC5DDB /* Theme.swift in Sources */,
			);
			runOnlyForDeploymentPostprocessing = 0;
		};
/* End PBXSourcesBuildPhase section */

/* Begin PBXVariantGroup section */
		BB7F22581FB455BF00EC5DDB /* LaunchScreen.storyboard */ = {
			isa = PBXVariantGroup;
			children = (
				BB7F22591FB455BF00EC5DDB /* Base */,
			);
			name = LaunchScreen.storyboard;
			sourceTree = "<group>";
		};
/* End PBXVariantGroup section */

/* Begin XCBuildConfiguration section */
		BB7F225C1FB455C000EC5DDB /* Debug */ = {
			isa = XCBuildConfiguration;
			buildSettings = {
				ALWAYS_SEARCH_USER_PATHS = NO;
				CLANG_ANALYZER_NONNULL = YES;
				CLANG_ANALYZER_NUMBER_OBJECT_CONVERSION = YES_AGGRESSIVE;
				CLANG_CXX_LANGUAGE_STANDARD = "gnu++14";
				CLANG_CXX_LIBRARY = "libc++";
				CLANG_ENABLE_MODULES = YES;
				CLANG_ENABLE_OBJC_ARC = YES;
				CLANG_WARN_BLOCK_CAPTURE_AUTORELEASING = YES;
				CLANG_WARN_BOOL_CONVERSION = YES;
				CLANG_WARN_COMMA = YES;
				CLANG_WARN_CONSTANT_CONVERSION = YES;
				CLANG_WARN_DIRECT_OBJC_ISA_USAGE = YES_ERROR;
				CLANG_WARN_DOCUMENTATION_COMMENTS = YES;
				CLANG_WARN_EMPTY_BODY = YES;
				CLANG_WARN_ENUM_CONVERSION = YES;
				CLANG_WARN_INFINITE_RECURSION = YES;
				CLANG_WARN_INT_CONVERSION = YES;
				CLANG_WARN_NON_LITERAL_NULL_CONVERSION = YES;
				CLANG_WARN_OBJC_LITERAL_CONVERSION = YES;
				CLANG_WARN_OBJC_ROOT_CLASS = YES_ERROR;
				CLANG_WARN_RANGE_LOOP_ANALYSIS = YES;
				CLANG_WARN_STRICT_PROTOTYPES = YES;
				CLANG_WARN_SUSPICIOUS_MOVE = YES;
				CLANG_WARN_UNGUARDED_AVAILABILITY = YES_AGGRESSIVE;
				CLANG_WARN_UNREACHABLE_CODE = YES;
				CLANG_WARN__DUPLICATE_METHOD_MATCH = YES;
				CODE_SIGN_IDENTITY = "iPhone Developer";
				COPY_PHASE_STRIP = NO;
				DEBUG_INFORMATION_FORMAT = dwarf;
				ENABLE_STRICT_OBJC_MSGSEND = YES;
				ENABLE_TESTABILITY = YES;
				GCC_C_LANGUAGE_STANDARD = gnu11;
				GCC_DYNAMIC_NO_PIC = NO;
				GCC_NO_COMMON_BLOCKS = YES;
				GCC_OPTIMIZATION_LEVEL = 0;
				GCC_PREPROCESSOR_DEFINITIONS = (
					"DEBUG=1",
					"$(inherited)",
				);
				GCC_WARN_64_TO_32_BIT_CONVERSION = YES;
				GCC_WARN_ABOUT_RETURN_TYPE = YES_ERROR;
				GCC_WARN_UNDECLARED_SELECTOR = YES;
				GCC_WARN_UNINITIALIZED_AUTOS = YES_AGGRESSIVE;
				GCC_WARN_UNUSED_FUNCTION = YES;
				GCC_WARN_UNUSED_VARIABLE = YES;
				IPHONEOS_DEPLOYMENT_TARGET = 11.1;
				MTL_ENABLE_DEBUG_INFO = YES;
				ONLY_ACTIVE_ARCH = YES;
				SDKROOT = iphoneos;
				SWIFT_ACTIVE_COMPILATION_CONDITIONS = DEBUG;
				SWIFT_OPTIMIZATION_LEVEL = "-Onone";
			};
			name = Debug;
		};
		BB7F225D1FB455C000EC5DDB /* Release */ = {
			isa = XCBuildConfiguration;
			buildSettings = {
				ALWAYS_SEARCH_USER_PATHS = NO;
				CLANG_ANALYZER_NONNULL = YES;
				CLANG_ANALYZER_NUMBER_OBJECT_CONVERSION = YES_AGGRESSIVE;
				CLANG_CXX_LANGUAGE_STANDARD = "gnu++14";
				CLANG_CXX_LIBRARY = "libc++";
				CLANG_ENABLE_MODULES = YES;
				CLANG_ENABLE_OBJC_ARC = YES;
				CLANG_WARN_BLOCK_CAPTURE_AUTORELEASING = YES;
				CLANG_WARN_BOOL_CONVERSION = YES;
				CLANG_WARN_COMMA = YES;
				CLANG_WARN_CONSTANT_CONVERSION = YES;
				CLANG_WARN_DIRECT_OBJC_ISA_USAGE = YES_ERROR;
				CLANG_WARN_DOCUMENTATION_COMMENTS = YES;
				CLANG_WARN_EMPTY_BODY = YES;
				CLANG_WARN_ENUM_CONVERSION = YES;
				CLANG_WARN_INFINITE_RECURSION = YES;
				CLANG_WARN_INT_CONVERSION = YES;
				CLANG_WARN_NON_LITERAL_NULL_CONVERSION = YES;
				CLANG_WARN_OBJC_LITERAL_CONVERSION = YES;
				CLANG_WARN_OBJC_ROOT_CLASS = YES_ERROR;
				CLANG_WARN_RANGE_LOOP_ANALYSIS = YES;
				CLANG_WARN_STRICT_PROTOTYPES = YES;
				CLANG_WARN_SUSPICIOUS_MOVE = YES;
				CLANG_WARN_UNGUARDED_AVAILABILITY = YES_AGGRESSIVE;
				CLANG_WARN_UNREACHABLE_CODE = YES;
				CLANG_WARN__DUPLICATE_METHOD_MATCH = YES;
				CODE_SIGN_IDENTITY = "iPhone Developer";
				COPY_PHASE_STRIP = NO;
				DEBUG_INFORMATION_FORMAT = "dwarf-with-dsym";
				ENABLE_NS_ASSERTIONS = NO;
				ENABLE_STRICT_OBJC_MSGSEND = YES;
				GCC_C_LANGUAGE_STANDARD = gnu11;
				GCC_NO_COMMON_BLOCKS = YES;
				GCC_WARN_64_TO_32_BIT_CONVERSION = YES;
				GCC_WARN_ABOUT_RETURN_TYPE = YES_ERROR;
				GCC_WARN_UNDECLARED_SELECTOR = YES;
				GCC_WARN_UNINITIALIZED_AUTOS = YES_AGGRESSIVE;
				GCC_WARN_UNUSED_FUNCTION = YES;
				GCC_WARN_UNUSED_VARIABLE = YES;
				IPHONEOS_DEPLOYMENT_TARGET = 11.1;
				MTL_ENABLE_DEBUG_INFO = NO;
				SDKROOT = iphoneos;
				SWIFT_OPTIMIZATION_LEVEL = "-Owholemodule";
				VALIDATE_PRODUCT = YES;
			};
			name = Release;
		};
		BB7F225F1FB455C000EC5DDB /* Debug */ = {
			isa = XCBuildConfiguration;
			baseConfigurationReference = 64992CB771D872A2004A3E34 /* Pods-Chatter.debug.xcconfig */;
			buildSettings = {
				ASSETCATALOG_COMPILER_APPICON_NAME = AppIcon;
				CODE_SIGN_STYLE = Automatic;
				DEVELOPMENT_TEAM = BTSZ26LN83;
				INFOPLIST_FILE = Chatter/Info.plist;
				IPHONEOS_DEPLOYMENT_TARGET = 11.0;
				LD_RUNPATH_SEARCH_PATHS = "$(inherited) @executable_path/Frameworks";
				PRODUCT_BUNDLE_IDENTIFIER = com.Titan.344HKT.Chatter;
				PRODUCT_NAME = "$(TARGET_NAME)";
				SWIFT_VERSION = 4.0;
				TARGETED_DEVICE_FAMILY = "1,2";
			};
			name = Debug;
		};
		BB7F22601FB455C000EC5DDB /* Release */ = {
			isa = XCBuildConfiguration;
			baseConfigurationReference = D4C48EB26F593228AA99756D /* Pods-Chatter.release.xcconfig */;
			buildSettings = {
				ASSETCATALOG_COMPILER_APPICON_NAME = AppIcon;
				CODE_SIGN_STYLE = Automatic;
				DEVELOPMENT_TEAM = BTSZ26LN83;
				INFOPLIST_FILE = Chatter/Info.plist;
				IPHONEOS_DEPLOYMENT_TARGET = 11.0;
				LD_RUNPATH_SEARCH_PATHS = "$(inherited) @executable_path/Frameworks";
				PRODUCT_BUNDLE_IDENTIFIER = com.Titan.344HKT.Chatter;
				PRODUCT_NAME = "$(TARGET_NAME)";
				SWIFT_VERSION = 4.0;
				TARGETED_DEVICE_FAMILY = "1,2";
			};
			name = Release;
		};
/* End XCBuildConfiguration section */

/* Begin XCConfigurationList section */
		BB7F22471FB455BF00EC5DDB /* Build configuration list for PBXProject "Chatter" */ = {
			isa = XCConfigurationList;
			buildConfigurations = (
				BB7F225C1FB455C000EC5DDB /* Debug */,
				BB7F225D1FB455C000EC5DDB /* Release */,
			);
			defaultConfigurationIsVisible = 0;
			defaultConfigurationName = Release;
		};
		BB7F225E1FB455C000EC5DDB /* Build configuration list for PBXNativeTarget "Chatter" */ = {
			isa = XCConfigurationList;
			buildConfigurations = (
				BB7F225F1FB455C000EC5DDB /* Debug */,
				BB7F22601FB455C000EC5DDB /* Release */,
			);
			defaultConfigurationIsVisible = 0;
			defaultConfigurationName = Release;
		};
/* End XCConfigurationList section */
	};
	rootObject = BB7F22441FB455BF00EC5DDB /* Project object */;
}
